
Microsoft Visual Studio Solution File, Format Version 12.00
# Visual Studio Version 17
VisualStudioVersion = 17.4.32804.182
MinimumVisualStudioVersion = 10.0.40219.1
Project("{2150E333-8FDC-42A3-9474-1A3956D46DE8}") = "Solution Items", "Solution Items", "{58E2242F-4581-4BFA-B017-BA105334EF91}"
	ProjectSection(SolutionItems) = preProject
		.editorconfig = .editorconfig
		.gitignore = .gitignore
		LICENSE = LICENSE
		README.md = README.md
	EndProjectSection
EndProject
Project("{2150E333-8FDC-42A3-9474-1A3956D46DE8}") = "Alt", "Alt", "{C8527D74-4C5E-4F08-B6C1-D105158B06A2}"
EndProject
Project("{2150E333-8FDC-42A3-9474-1A3956D46DE8}") = "doc", "doc", "{16B89C77-FC14-4C62-B92F-9FEADCA09F4D}"
EndProject
Project("{2150E333-8FDC-42A3-9474-1A3956D46DE8}") = "notes", "notes", "{4CBAAB4D-FD49-48C6-A2DC-77D96B377229}"
	ProjectSection(SolutionItems) = preProject
		doc\notes\background.md = doc\notes\background.md
		doc\notes\old.md = doc\notes\old.md
		doc\notes\roadmap.md = doc\notes\roadmap.md
	EndProjectSection
EndProject
Project("{9A19103F-16F7-4668-BE54-9A1E7A4F7556}") = "Woden.Account.Api", "src\Account\Woden.Account.Api\Woden.Account.Api.csproj", "{831B6206-E5E0-4C02-89B1-768779E7FE79}"
EndProject
Project("{2150E333-8FDC-42A3-9474-1A3956D46DE8}") = "diagrams", "diagrams", "{28D71A2A-2466-460D-8F58-E04D7FEA4A24}"
	ProjectSection(SolutionItems) = preProject
		doc\diagrams\matrix.plantuml = doc\diagrams\matrix.plantuml
		doc\diagrams\matrix.png = doc\diagrams\matrix.png
	EndProjectSection
EndProject
Project("{9A19103F-16F7-4668-BE54-9A1E7A4F7556}") = "Woden.Account.Api.Test", "test\Account\Woden.Account.Api.Test\Woden.Account.Api.Test.csproj", "{DB3F2448-0730-4223-BFBC-C2227D58A550}"
EndProject
Project("{9A19103F-16F7-4668-BE54-9A1E7A4F7556}") = "Woden.Account.Contracts", "src\Account\Woden.Account.Contracts\Woden.Account.Contracts.csproj", "{E25FAD91-0E51-4DDB-B520-2034169D3F29}"
EndProject
Project("{9A19103F-16F7-4668-BE54-9A1E7A4F7556}") = "Woden.Account.Domain", "src\Account\Woden.Account.Domain\Woden.Account.Domain.csproj", "{783ABFE6-C2D7-4D36-A7BC-44CBEEEC4F02}"
EndProject
Project("{9A19103F-16F7-4668-BE54-9A1E7A4F7556}") = "Woden.Account.Infrastructure", "src\Account\Woden.Account.Infrastructure\Woden.Account.Infrastructure.csproj", "{24BA34D2-3830-4C8D-AD95-1C190FDE55DC}"
EndProject
Project("{9A19103F-16F7-4668-BE54-9A1E7A4F7556}") = "Woden.Account.Application", "src\Account\Woden.Account.Application\Woden.Account.Application.csproj", "{EC06E61F-4A78-4DEE-B972-36EF15AD0A94}"
EndProject
Project("{2150E333-8FDC-42A3-9474-1A3956D46DE8}") = "examples", "examples", "{588BFD5B-6E1C-4E4F-85A1-4CDD75263FBD}"
EndProject
Project("{2150E333-8FDC-42A3-9474-1A3956D46DE8}") = "Account", "Account", "{EFCEF5E6-1167-4FAF-8FDC-1CE2A48B6615}"
	ProjectSection(SolutionItems) = preProject
		examples\Auth\auth.rest = examples\Auth\auth.rest
	EndProjectSection
EndProject
Project("{2150E333-8FDC-42A3-9474-1A3956D46DE8}") = "src", "src", "{EEFCB711-549E-481E-A319-5C0AE57D753C}"
EndProject
Project("{2150E333-8FDC-42A3-9474-1A3956D46DE8}") = "tests", "tests", "{3C95ADDF-2729-48E5-9C3D-CCD1129A5099}"
EndProject
Project("{2150E333-8FDC-42A3-9474-1A3956D46DE8}") = "Alt", "Alt", "{3EDC1C87-287B-48D3-85D8-888BEC347F59}"
EndProject
Project("{2150E333-8FDC-42A3-9474-1A3956D46DE8}") = "Account", "Account", "{3FDB4445-2DA1-4C6E-ADD1-A20EA1145C9F}"
EndProject
Global
	GlobalSection(SolutionConfigurationPlatforms) = preSolution
		Debug|Any CPU = Debug|Any CPU
		Release|Any CPU = Release|Any CPU
	EndGlobalSection
	GlobalSection(ProjectConfigurationPlatforms) = postSolution
		{831B6206-E5E0-4C02-89B1-768779E7FE79}.Debug|Any CPU.ActiveCfg = Debug|Any CPU
		{831B6206-E5E0-4C02-89B1-768779E7FE79}.Debug|Any CPU.Build.0 = Debug|Any CPU
		{831B6206-E5E0-4C02-89B1-768779E7FE79}.Release|Any CPU.ActiveCfg = Release|Any CPU
		{831B6206-E5E0-4C02-89B1-768779E7FE79}.Release|Any CPU.Build.0 = Release|Any CPU
		{DB3F2448-0730-4223-BFBC-C2227D58A550}.Debug|Any CPU.ActiveCfg = Debug|Any CPU
		{DB3F2448-0730-4223-BFBC-C2227D58A550}.Debug|Any CPU.Build.0 = Debug|Any CPU
		{DB3F2448-0730-4223-BFBC-C2227D58A550}.Release|Any CPU.ActiveCfg = Release|Any CPU
		{DB3F2448-0730-4223-BFBC-C2227D58A550}.Release|Any CPU.Build.0 = Release|Any CPU
		{E25FAD91-0E51-4DDB-B520-2034169D3F29}.Debug|Any CPU.ActiveCfg = Debug|Any CPU
		{E25FAD91-0E51-4DDB-B520-2034169D3F29}.Debug|Any CPU.Build.0 = Debug|Any CPU
		{E25FAD91-0E51-4DDB-B520-2034169D3F29}.Release|Any CPU.ActiveCfg = Release|Any CPU
		{E25FAD91-0E51-4DDB-B520-2034169D3F29}.Release|Any CPU.Build.0 = Release|Any CPU
		{783ABFE6-C2D7-4D36-A7BC-44CBEEEC4F02}.Debug|Any CPU.ActiveCfg = Debug|Any CPU
		{783ABFE6-C2D7-4D36-A7BC-44CBEEEC4F02}.Debug|Any CPU.Build.0 = Debug|Any CPU
		{783ABFE6-C2D7-4D36-A7BC-44CBEEEC4F02}.Release|Any CPU.ActiveCfg = Release|Any CPU
		{783ABFE6-C2D7-4D36-A7BC-44CBEEEC4F02}.Release|Any CPU.Build.0 = Release|Any CPU
		{24BA34D2-3830-4C8D-AD95-1C190FDE55DC}.Debug|Any CPU.ActiveCfg = Debug|Any CPU
		{24BA34D2-3830-4C8D-AD95-1C190FDE55DC}.Debug|Any CPU.Build.0 = Debug|Any CPU
		{24BA34D2-3830-4C8D-AD95-1C190FDE55DC}.Release|Any CPU.ActiveCfg = Release|Any CPU
		{24BA34D2-3830-4C8D-AD95-1C190FDE55DC}.Release|Any CPU.Build.0 = Release|Any CPU
		{EC06E61F-4A78-4DEE-B972-36EF15AD0A94}.Debug|Any CPU.ActiveCfg = Debug|Any CPU
		{EC06E61F-4A78-4DEE-B972-36EF15AD0A94}.Debug|Any CPU.Build.0 = Debug|Any CPU
		{EC06E61F-4A78-4DEE-B972-36EF15AD0A94}.Release|Any CPU.ActiveCfg = Release|Any CPU
		{EC06E61F-4A78-4DEE-B972-36EF15AD0A94}.Release|Any CPU.Build.0 = Release|Any CPU
	EndGlobalSection
	GlobalSection(SolutionProperties) = preSolution
		HideSolutionNode = FALSE
	EndGlobalSection
	GlobalSection(NestedProjects) = preSolution
		{C8527D74-4C5E-4F08-B6C1-D105158B06A2} = {EEFCB711-549E-481E-A319-5C0AE57D753C}
		{4CBAAB4D-FD49-48C6-A2DC-77D96B377229} = {16B89C77-FC14-4C62-B92F-9FEADCA09F4D}
		{831B6206-E5E0-4C02-89B1-768779E7FE79} = {C8527D74-4C5E-4F08-B6C1-D105158B06A2}
		{28D71A2A-2466-460D-8F58-E04D7FEA4A24} = {16B89C77-FC14-4C62-B92F-9FEADCA09F4D}
		{DB3F2448-0730-4223-BFBC-C2227D58A550} = {3EDC1C87-287B-48D3-85D8-888BEC347F59}
		{E25FAD91-0E51-4DDB-B520-2034169D3F29} = {C8527D74-4C5E-4F08-B6C1-D105158B06A2}
		{783ABFE6-C2D7-4D36-A7BC-44CBEEEC4F02} = {C8527D74-4C5E-4F08-B6C1-D105158B06A2}
		{24BA34D2-3830-4C8D-AD95-1C190FDE55DC} = {C8527D74-4C5E-4F08-B6C1-D105158B06A2}
		{EC06E61F-4A78-4DEE-B972-36EF15AD0A94} = {C8527D74-4C5E-4F08-B6C1-D105158B06A2}
		{EFCEF5E6-1167-4FAF-8FDC-1CE2A48B6615} = {588BFD5B-6E1C-4E4F-85A1-4CDD75263FBD}
		{3EDC1C87-287B-48D3-85D8-888BEC347F59} = {3C95ADDF-2729-48E5-9C3D-CCD1129A5099}
		{3FDB4445-2DA1-4C6E-ADD1-A20EA1145C9F} = {EEFCB711-549E-481E-A319-5C0AE57D753C}
	EndGlobalSection
	GlobalSection(ExtensibilityGlobals) = postSolution
		SolutionGuid = {F7AAE31F-0D88-460E-A923-4925BA24E5C7}
	EndGlobalSection
EndGlobal
